
Microsoft Visual Studio Solution File, Format Version 12.00
# Visual Studio 2012
Project("{FAE04EC0-301F-11D3-BF4B-00C04F79EFBC}") = "ClienteWCF", "ClienteWCF\ClienteWCF.csproj", "{DCACB2B9-0F8E-4997-B98E-6B66FFA96189}"
EndProject
Global
	GlobalSection(SolutionConfigurationPlatforms) = preSolution
		Debug|Any CPU = Debug|Any CPU
		Release|Any CPU = Release|Any CPU
	EndGlobalSection
	GlobalSection(ProjectConfigurationPlatforms) = postSolution
		{DCACB2B9-0F8E-4997-B98E-6B66FFA96189}.Debug|Any CPU.ActiveCfg = Debug|Any CPU
		{DCACB2B9-0F8E-4997-B98E-6B66FFA96189}.Debug|Any CPU.Build.0 = Debug|Any CPU
		{DCACB2B9-0F8E-4997-B98E-6B66FFA96189}.Release|Any CPU.ActiveCfg = Release|Any CPU
		{DCACB2B9-0F8E-4997-B98E-6B66FFA96189}.Release|Any CPU.Build.0 = Release|Any CPU
	EndGlobalSection
	GlobalSection(SolutionProperties) = preSolution
		HideSolutionNode = FALSE
	EndGlobalSection
EndGlobal
